
Microsoft Visual Studio Solution File, Format Version 12.00
Project("{FAE04EC0-301F-11D3-BF4B-00C04F79EFBC}") = "BirthdayAPI", "BirthdayAPI\BirthdayAPI.csproj", "{4C335390-930B-435C-B051-FD7D4A27FEC9}"
EndProject
Project("{FAE04EC0-301F-11D3-BF4B-00C04F79EFBC}") = "Birthday.BLL", "Birthday.BLL\Birthday.BLL.csproj", "{046097CB-05D3-4CC9-86FA-726FB78F3490}"
EndProject
Project("{FAE04EC0-301F-11D3-BF4B-00C04F79EFBC}") = "Birthday.DAL", "Birthday.DAL\Birthday.DAL.csproj", "{38A201EE-AB0C-441E-88E8-24A16D5D41EC}"
EndProject
Project("{FAE04EC0-301F-11D3-BF4B-00C04F79EFBC}") = "Birthday.Telegram", "Birthday.Telegram\Birthday.Telegram.csproj", "{37DA70EE-C94E-45E6-910B-E1D632D585E4}"
EndProject
Global
	GlobalSection(SolutionConfigurationPlatforms) = preSolution
		Debug|Any CPU = Debug|Any CPU
		Release|Any CPU = Release|Any CPU
	EndGlobalSection
	GlobalSection(ProjectConfigurationPlatforms) = postSolution
		{4C335390-930B-435C-B051-FD7D4A27FEC9}.Debug|Any CPU.ActiveCfg = Debug|Any CPU
		{4C335390-930B-435C-B051-FD7D4A27FEC9}.Debug|Any CPU.Build.0 = Debug|Any CPU
		{4C335390-930B-435C-B051-FD7D4A27FEC9}.Release|Any CPU.ActiveCfg = Release|Any CPU
		{4C335390-930B-435C-B051-FD7D4A27FEC9}.Release|Any CPU.Build.0 = Release|Any CPU
		{046097CB-05D3-4CC9-86FA-726FB78F3490}.Debug|Any CPU.ActiveCfg = Debug|Any CPU
		{046097CB-05D3-4CC9-86FA-726FB78F3490}.Debug|Any CPU.Build.0 = Debug|Any CPU
		{046097CB-05D3-4CC9-86FA-726FB78F3490}.Release|Any CPU.ActiveCfg = Release|Any CPU
		{046097CB-05D3-4CC9-86FA-726FB78F3490}.Release|Any CPU.Build.0 = Release|Any CPU
		{38A201EE-AB0C-441E-88E8-24A16D5D41EC}.Debug|Any CPU.ActiveCfg = Debug|Any CPU
		{38A201EE-AB0C-441E-88E8-24A16D5D41EC}.Debug|Any CPU.Build.0 = Debug|Any CPU
		{38A201EE-AB0C-441E-88E8-24A16D5D41EC}.Release|Any CPU.ActiveCfg = Release|Any CPU
		{38A201EE-AB0C-441E-88E8-24A16D5D41EC}.Release|Any CPU.Build.0 = Release|Any CPU
		{37DA70EE-C94E-45E6-910B-E1D632D585E4}.Debug|Any CPU.ActiveCfg = Debug|Any CPU
		{37DA70EE-C94E-45E6-910B-E1D632D585E4}.Debug|Any CPU.Build.0 = Debug|Any CPU
		{37DA70EE-C94E-45E6-910B-E1D632D585E4}.Release|Any CPU.ActiveCfg = Release|Any CPU
		{37DA70EE-C94E-45E6-910B-E1D632D585E4}.Release|Any CPU.Build.0 = Release|Any CPU
	EndGlobalSection
EndGlobal
